
Microsoft Visual Studio Solution File, Format Version 12.00
# Visual Studio Version 16
VisualStudioVersion = 16.0.31624.102
MinimumVisualStudioVersion = 10.0.40219.1
Project("{9A19103F-16F7-4668-BE54-9A1E7A4F7556}") = "RomeFinding", "ConsoleApp1\RomeFinding.csproj", "{106462AE-A94C-43E7-9898-ECF0BDC83486}"
EndProject
Project("{FAE04EC0-301F-11D3-BF4B-00C04F79EFBC}") = "BinaryGap", "BinaryGap\BinaryGap.csproj", "{A86043CF-4904-4C59-B99E-6A76EF330941}"
EndProject
Global
	GlobalSection(SolutionConfigurationPlatforms) = preSolution
		Debug|Any CPU = Debug|Any CPU
		Release|Any CPU = Release|Any CPU
	EndGlobalSection
	GlobalSection(ProjectConfigurationPlatforms) = postSolution
		{106462AE-A94C-43E7-9898-ECF0BDC83486}.Debug|Any CPU.ActiveCfg = Debug|Any CPU
		{106462AE-A94C-43E7-9898-ECF0BDC83486}.Debug|Any CPU.Build.0 = Debug|Any CPU
		{106462AE-A94C-43E7-9898-ECF0BDC83486}.Release|Any CPU.ActiveCfg = Release|Any CPU
		{106462AE-A94C-43E7-9898-ECF0BDC83486}.Release|Any CPU.Build.0 = Release|Any CPU
		{A86043CF-4904-4C59-B99E-6A76EF330941}.Debug|Any CPU.ActiveCfg = Debug|Any CPU
		{A86043CF-4904-4C59-B99E-6A76EF330941}.Debug|Any CPU.Build.0 = Debug|Any CPU
		{A86043CF-4904-4C59-B99E-6A76EF330941}.Release|Any CPU.ActiveCfg = Release|Any CPU
		{A86043CF-4904-4C59-B99E-6A76EF330941}.Release|Any CPU.Build.0 = Release|Any CPU
	EndGlobalSection
	GlobalSection(SolutionProperties) = preSolution
		HideSolutionNode = FALSE
	EndGlobalSection
	GlobalSection(ExtensibilityGlobals) = postSolution
		SolutionGuid = {AD9969E2-9893-4F97-8D8E-8656C4E9CC98}
	EndGlobalSection
EndGlobal
